
Microsoft Visual Studio Solution File, Format Version 12.00
# Visual Studio 15
VisualStudioVersion = 15.0.27703.2042
MinimumVisualStudioVersion = 10.0.40219.1
Project("{9A19103F-16F7-4668-BE54-9A1E7A4F7556}") = "Sinais", "Sinais\Sinais.csproj", "{0AE0DAA8-81E9-4ECD-A9CE-EDE5C3711B5A}"
EndProject
Project("{9A19103F-16F7-4668-BE54-9A1E7A4F7556}") = "Sinais.Test", "Sinais.Test\Sinais.Test.csproj", "{7A80AB11-9DA2-4C30-86B5-60BD108255D6}"
EndProject
Global
	GlobalSection(SolutionConfigurationPlatforms) = preSolution
		Debug|Any CPU = Debug|Any CPU
		Release|Any CPU = Release|Any CPU
	EndGlobalSection
	GlobalSection(ProjectConfigurationPlatforms) = postSolution
		{0AE0DAA8-81E9-4ECD-A9CE-EDE5C3711B5A}.Debug|Any CPU.ActiveCfg = Debug|Any CPU
		{0AE0DAA8-81E9-4ECD-A9CE-EDE5C3711B5A}.Debug|Any CPU.Build.0 = Debug|Any CPU
		{0AE0DAA8-81E9-4ECD-A9CE-EDE5C3711B5A}.Release|Any CPU.ActiveCfg = Release|Any CPU
		{0AE0DAA8-81E9-4ECD-A9CE-EDE5C3711B5A}.Release|Any CPU.Build.0 = Release|Any CPU
		{7A80AB11-9DA2-4C30-86B5-60BD108255D6}.Debug|Any CPU.ActiveCfg = Debug|Any CPU
		{7A80AB11-9DA2-4C30-86B5-60BD108255D6}.Debug|Any CPU.Build.0 = Debug|Any CPU
		{7A80AB11-9DA2-4C30-86B5-60BD108255D6}.Release|Any CPU.ActiveCfg = Release|Any CPU
		{7A80AB11-9DA2-4C30-86B5-60BD108255D6}.Release|Any CPU.Build.0 = Release|Any CPU
	EndGlobalSection
	GlobalSection(SolutionProperties) = preSolution
		HideSolutionNode = FALSE
	EndGlobalSection
	GlobalSection(ExtensibilityGlobals) = postSolution
		SolutionGuid = {5C2642DB-4F89-4485-917C-2824200E3E22}
	EndGlobalSection
EndGlobal
